
Microsoft Visual Studio Solution File, Format Version 12.00
# Visual Studio Version 16
VisualStudioVersion = 16.0.31605.320
MinimumVisualStudioVersion = 10.0.40219.1
Project("{9A19103F-16F7-4668-BE54-9A1E7A4F7556}") = "LRRando", "LRRando\LRRando.csproj", "{91BBD37E-CD3B-4730-BED6-6980518CFFAE}"
	ProjectSection(ProjectDependencies) = postProject
		{DF270A9B-836B-4A20-AEEB-75FB22B51FF6} = {DF270A9B-836B-4A20-AEEB-75FB22B51FF6}
		{E3C9BBB8-533F-4182-A442-CDB6C5EFAD08} = {E3C9BBB8-533F-4182-A442-CDB6C5EFAD08}
		{0D428FC4-083F-485F-9B20-8F585E33F0C2} = {0D428FC4-083F-485F-9B20-8F585E33F0C2}
		{CA351BEE-9851-47DA-9020-628D3CBDB764} = {CA351BEE-9851-47DA-9020-628D3CBDB764}
	EndProjectSection
EndProject
Project("{9A19103F-16F7-4668-BE54-9A1E7A4F7556}") = "Bartz24.RandoWPF", "RandoWPF\Bartz24.RandoWPF.csproj", "{CA351BEE-9851-47DA-9020-628D3CBDB764}"
EndProject
Project("{9A19103F-16F7-4668-BE54-9A1E7A4F7556}") = "Bartz24.Data", "Bartz24.Data\Bartz24.Data.csproj", "{DF270A9B-836B-4A20-AEEB-75FB22B51FF6}"
EndProject
Project("{9A19103F-16F7-4668-BE54-9A1E7A4F7556}") = "Bartz24.Docs", "Bartz24.Docs\Bartz24.Docs.csproj", "{0D428FC4-083F-485F-9B20-8F585E33F0C2}"
EndProject
Project("{9A19103F-16F7-4668-BE54-9A1E7A4F7556}") = "Bartz24.FF13_2_LR", "Bartz24.FF13_2_LR\Bartz24.FF13_2_LR.csproj", "{E3C9BBB8-533F-4182-A442-CDB6C5EFAD08}"
	ProjectSection(ProjectDependencies) = postProject
		{DF270A9B-836B-4A20-AEEB-75FB22B51FF6} = {DF270A9B-836B-4A20-AEEB-75FB22B51FF6}
	EndProjectSection
EndProject
Project("{9A19103F-16F7-4668-BE54-9A1E7A4F7556}") = "Bartz24.FF13_2", "Bartz24.FF13_2\Bartz24.FF13_2.csproj", "{7D897691-3F6D-493C-B3FB-43653115AFFE}"
EndProject
Project("{9A19103F-16F7-4668-BE54-9A1E7A4F7556}") = "FF13_2Rando", "FF13_2Rando\FF13_2Rando.csproj", "{8BE3C7D0-599E-42A3-8A17-AB1C418CDFC3}"
EndProject
Project("{9A19103F-16F7-4668-BE54-9A1E7A4F7556}") = "Bartz24.LR", "Bartz24.LR\Bartz24.LR.csproj", "{6AFD6022-4585-4B65-81E8-4B2E032ECA55}"
EndProject
Project("{9A19103F-16F7-4668-BE54-9A1E7A4F7556}") = "Multiworld", "Multiworld\Multiworld.csproj", "{54DCA664-F3DF-4607-96CF-E393E38C7922}"
EndProject
Project("{FAE04EC0-301F-11D3-BF4B-00C04F79EFBC}") = "Bartz24.FF12", "FF12\Bartz24.FF12.csproj", "{794DDEEF-DE00-4D0C-B832-0D8CC564B585}"
EndProject
Project("{FAE04EC0-301F-11D3-BF4B-00C04F79EFBC}") = "FF12Rando", "FF12Rando\FF12Rando.csproj", "{2D6B1AAE-961D-4458-A4D5-35EE6316BE36}"
EndProject
Global
	GlobalSection(SolutionConfigurationPlatforms) = preSolution
		Debug|Any CPU = Debug|Any CPU
		Release|Any CPU = Release|Any CPU
	EndGlobalSection
	GlobalSection(ProjectConfigurationPlatforms) = postSolution
		{91BBD37E-CD3B-4730-BED6-6980518CFFAE}.Debug|Any CPU.ActiveCfg = Debug|Any CPU
		{91BBD37E-CD3B-4730-BED6-6980518CFFAE}.Debug|Any CPU.Build.0 = Debug|Any CPU
		{91BBD37E-CD3B-4730-BED6-6980518CFFAE}.Release|Any CPU.ActiveCfg = Release|Any CPU
		{91BBD37E-CD3B-4730-BED6-6980518CFFAE}.Release|Any CPU.Build.0 = Release|Any CPU
		{CA351BEE-9851-47DA-9020-628D3CBDB764}.Debug|Any CPU.ActiveCfg = Debug|Any CPU
		{CA351BEE-9851-47DA-9020-628D3CBDB764}.Debug|Any CPU.Build.0 = Debug|Any CPU
		{CA351BEE-9851-47DA-9020-628D3CBDB764}.Release|Any CPU.ActiveCfg = Release|Any CPU
		{CA351BEE-9851-47DA-9020-628D3CBDB764}.Release|Any CPU.Build.0 = Release|Any CPU
		{DF270A9B-836B-4A20-AEEB-75FB22B51FF6}.Debug|Any CPU.ActiveCfg = Debug|Any CPU
		{DF270A9B-836B-4A20-AEEB-75FB22B51FF6}.Debug|Any CPU.Build.0 = Debug|Any CPU
		{DF270A9B-836B-4A20-AEEB-75FB22B51FF6}.Release|Any CPU.ActiveCfg = Release|Any CPU
		{DF270A9B-836B-4A20-AEEB-75FB22B51FF6}.Release|Any CPU.Build.0 = Release|Any CPU
		{0D428FC4-083F-485F-9B20-8F585E33F0C2}.Debug|Any CPU.ActiveCfg = Debug|Any CPU
		{0D428FC4-083F-485F-9B20-8F585E33F0C2}.Debug|Any CPU.Build.0 = Debug|Any CPU
		{0D428FC4-083F-485F-9B20-8F585E33F0C2}.Release|Any CPU.ActiveCfg = Release|Any CPU
		{0D428FC4-083F-485F-9B20-8F585E33F0C2}.Release|Any CPU.Build.0 = Release|Any CPU
		{E3C9BBB8-533F-4182-A442-CDB6C5EFAD08}.Debug|Any CPU.ActiveCfg = Debug|Any CPU
		{E3C9BBB8-533F-4182-A442-CDB6C5EFAD08}.Debug|Any CPU.Build.0 = Debug|Any CPU
		{E3C9BBB8-533F-4182-A442-CDB6C5EFAD08}.Release|Any CPU.ActiveCfg = Release|Any CPU
		{E3C9BBB8-533F-4182-A442-CDB6C5EFAD08}.Release|Any CPU.Build.0 = Release|Any CPU
		{7D897691-3F6D-493C-B3FB-43653115AFFE}.Debug|Any CPU.ActiveCfg = Debug|Any CPU
		{7D897691-3F6D-493C-B3FB-43653115AFFE}.Debug|Any CPU.Build.0 = Debug|Any CPU
		{7D897691-3F6D-493C-B3FB-43653115AFFE}.Release|Any CPU.ActiveCfg = Release|Any CPU
		{7D897691-3F6D-493C-B3FB-43653115AFFE}.Release|Any CPU.Build.0 = Release|Any CPU
		{8BE3C7D0-599E-42A3-8A17-AB1C418CDFC3}.Debug|Any CPU.ActiveCfg = Debug|Any CPU
		{8BE3C7D0-599E-42A3-8A17-AB1C418CDFC3}.Debug|Any CPU.Build.0 = Debug|Any CPU
		{8BE3C7D0-599E-42A3-8A17-AB1C418CDFC3}.Release|Any CPU.ActiveCfg = Release|Any CPU
		{8BE3C7D0-599E-42A3-8A17-AB1C418CDFC3}.Release|Any CPU.Build.0 = Release|Any CPU
		{6AFD6022-4585-4B65-81E8-4B2E032ECA55}.Debug|Any CPU.ActiveCfg = Debug|Any CPU
		{6AFD6022-4585-4B65-81E8-4B2E032ECA55}.Debug|Any CPU.Build.0 = Debug|Any CPU
		{6AFD6022-4585-4B65-81E8-4B2E032ECA55}.Release|Any CPU.ActiveCfg = Release|Any CPU
		{6AFD6022-4585-4B65-81E8-4B2E032ECA55}.Release|Any CPU.Build.0 = Release|Any CPU
		{54DCA664-F3DF-4607-96CF-E393E38C7922}.Debug|Any CPU.ActiveCfg = Debug|Any CPU
		{54DCA664-F3DF-4607-96CF-E393E38C7922}.Debug|Any CPU.Build.0 = Debug|Any CPU
		{54DCA664-F3DF-4607-96CF-E393E38C7922}.Release|Any CPU.ActiveCfg = Release|Any CPU
		{54DCA664-F3DF-4607-96CF-E393E38C7922}.Release|Any CPU.Build.0 = Release|Any CPU
		{794DDEEF-DE00-4D0C-B832-0D8CC564B585}.Debug|Any CPU.ActiveCfg = Debug|Any CPU
		{794DDEEF-DE00-4D0C-B832-0D8CC564B585}.Debug|Any CPU.Build.0 = Debug|Any CPU
		{794DDEEF-DE00-4D0C-B832-0D8CC564B585}.Release|Any CPU.ActiveCfg = Release|Any CPU
		{794DDEEF-DE00-4D0C-B832-0D8CC564B585}.Release|Any CPU.Build.0 = Release|Any CPU
		{2D6B1AAE-961D-4458-A4D5-35EE6316BE36}.Debug|Any CPU.ActiveCfg = Debug|Any CPU
		{2D6B1AAE-961D-4458-A4D5-35EE6316BE36}.Debug|Any CPU.Build.0 = Debug|Any CPU
		{2D6B1AAE-961D-4458-A4D5-35EE6316BE36}.Release|Any CPU.ActiveCfg = Release|Any CPU
		{2D6B1AAE-961D-4458-A4D5-35EE6316BE36}.Release|Any CPU.Build.0 = Release|Any CPU
	EndGlobalSection
	GlobalSection(SolutionProperties) = preSolution
		HideSolutionNode = FALSE
	EndGlobalSection
	GlobalSection(ExtensibilityGlobals) = postSolution
		SolutionGuid = {73AAF011-48A7-4604-8F52-05DA6110837F}
	EndGlobalSection
EndGlobal
